
Microsoft Visual Studio Solution File, Format Version 12.00
# Visual Studio Version 16
VisualStudioVersion = 16.0.29613.14
MinimumVisualStudioVersion = 10.0.40219.1
Project("{FAE04EC0-301F-11D3-BF4B-00C04F79EFBC}") = "leetcodeEasy1122", "leetcodeEasy1122.csproj", "{306F1D9E-4846-42DF-9444-65035BA2CDF2}"
EndProject
Global
	GlobalSection(SolutionConfigurationPlatforms) = preSolution
		Debug|Any CPU = Debug|Any CPU
		Release|Any CPU = Release|Any CPU
	EndGlobalSection
	GlobalSection(ProjectConfigurationPlatforms) = postSolution
		{306F1D9E-4846-42DF-9444-65035BA2CDF2}.Debug|Any CPU.ActiveCfg = Debug|Any CPU
		{306F1D9E-4846-42DF-9444-65035BA2CDF2}.Debug|Any CPU.Build.0 = Debug|Any CPU
		{306F1D9E-4846-42DF-9444-65035BA2CDF2}.Release|Any CPU.ActiveCfg = Release|Any CPU
		{306F1D9E-4846-42DF-9444-65035BA2CDF2}.Release|Any CPU.Build.0 = Release|Any CPU
	EndGlobalSection
	GlobalSection(SolutionProperties) = preSolution
		HideSolutionNode = FALSE
	EndGlobalSection
	GlobalSection(ExtensibilityGlobals) = postSolution
		SolutionGuid = {4703661A-E519-49EA-B1B3-C0A0C2496AB0}
	EndGlobalSection
EndGlobal
