
Microsoft Visual Studio Solution File, Format Version 12.00
# Visual Studio Version 16
VisualStudioVersion = 16.0.29613.14
MinimumVisualStudioVersion = 10.0.40219.1
Project("{FAE04EC0-301F-11D3-BF4B-00C04F79EFBC}") = "NUnitTestProject1", "NUnitTestProject1.csproj", "{B3B0D543-35CB-45C6-85C8-C73B90DF02E7}"
EndProject
Global
	GlobalSection(SolutionConfigurationPlatforms) = preSolution
		Debug|Any CPU = Debug|Any CPU
		Release|Any CPU = Release|Any CPU
	EndGlobalSection
	GlobalSection(ProjectConfigurationPlatforms) = postSolution
		{B3B0D543-35CB-45C6-85C8-C73B90DF02E7}.Debug|Any CPU.ActiveCfg = Debug|Any CPU
		{B3B0D543-35CB-45C6-85C8-C73B90DF02E7}.Debug|Any CPU.Build.0 = Debug|Any CPU
		{B3B0D543-35CB-45C6-85C8-C73B90DF02E7}.Release|Any CPU.ActiveCfg = Release|Any CPU
		{B3B0D543-35CB-45C6-85C8-C73B90DF02E7}.Release|Any CPU.Build.0 = Release|Any CPU
	EndGlobalSection
	GlobalSection(SolutionProperties) = preSolution
		HideSolutionNode = FALSE
	EndGlobalSection
	GlobalSection(ExtensibilityGlobals) = postSolution
		SolutionGuid = {4962D3D7-4765-4709-A590-1462684AC2FA}
	EndGlobalSection
EndGlobal
