
Microsoft Visual Studio Solution File, Format Version 12.00
# Visual Studio Version 16
VisualStudioVersion = 16.0.29613.14
MinimumVisualStudioVersion = 10.0.40219.1
Project("{FAE04EC0-301F-11D3-BF4B-00C04F79EFBC}") = "leetcode07", "leetcode07.csproj", "{089BB685-D4BF-485E-8649-0157F707E66A}"
EndProject
Global
	GlobalSection(SolutionConfigurationPlatforms) = preSolution
		Debug|Any CPU = Debug|Any CPU
		Release|Any CPU = Release|Any CPU
	EndGlobalSection
	GlobalSection(ProjectConfigurationPlatforms) = postSolution
		{089BB685-D4BF-485E-8649-0157F707E66A}.Debug|Any CPU.ActiveCfg = Debug|Any CPU
		{089BB685-D4BF-485E-8649-0157F707E66A}.Debug|Any CPU.Build.0 = Debug|Any CPU
		{089BB685-D4BF-485E-8649-0157F707E66A}.Release|Any CPU.ActiveCfg = Release|Any CPU
		{089BB685-D4BF-485E-8649-0157F707E66A}.Release|Any CPU.Build.0 = Release|Any CPU
	EndGlobalSection
	GlobalSection(SolutionProperties) = preSolution
		HideSolutionNode = FALSE
	EndGlobalSection
	GlobalSection(ExtensibilityGlobals) = postSolution
		SolutionGuid = {01C700AC-115A-4C5C-942D-88DF38B07A8C}
	EndGlobalSection
EndGlobal
