
Microsoft Visual Studio Solution File, Format Version 12.00
# Visual Studio Version 16
VisualStudioVersion = 16.0.29613.14
MinimumVisualStudioVersion = 10.0.40219.1
Project("{FAE04EC0-301F-11D3-BF4B-00C04F79EFBC}") = "leetCodeEasy21", "leetCodeEasy21.csproj", "{DDAC83C1-42D2-48D3-9F85-61A4AA3C1E00}"
EndProject
Global
	GlobalSection(SolutionConfigurationPlatforms) = preSolution
		Debug|Any CPU = Debug|Any CPU
		Release|Any CPU = Release|Any CPU
	EndGlobalSection
	GlobalSection(ProjectConfigurationPlatforms) = postSolution
		{DDAC83C1-42D2-48D3-9F85-61A4AA3C1E00}.Debug|Any CPU.ActiveCfg = Debug|Any CPU
		{DDAC83C1-42D2-48D3-9F85-61A4AA3C1E00}.Debug|Any CPU.Build.0 = Debug|Any CPU
		{DDAC83C1-42D2-48D3-9F85-61A4AA3C1E00}.Release|Any CPU.ActiveCfg = Release|Any CPU
		{DDAC83C1-42D2-48D3-9F85-61A4AA3C1E00}.Release|Any CPU.Build.0 = Release|Any CPU
	EndGlobalSection
	GlobalSection(SolutionProperties) = preSolution
		HideSolutionNode = FALSE
	EndGlobalSection
	GlobalSection(ExtensibilityGlobals) = postSolution
		SolutionGuid = {1CBE39BE-BF45-4997-9C12-8B6002C2DB37}
	EndGlobalSection
EndGlobal
