
Microsoft Visual Studio Solution File, Format Version 12.00
# Visual Studio Version 16
VisualStudioVersion = 16.0.29613.14
MinimumVisualStudioVersion = 10.0.40219.1
Project("{FAE04EC0-301F-11D3-BF4B-00C04F79EFBC}") = "Ann", "Ann.csproj", "{87E931FC-7F29-4E9F-8AF2-4FE1B462F479}"
EndProject
Global
	GlobalSection(SolutionConfigurationPlatforms) = preSolution
		Debug|Any CPU = Debug|Any CPU
		Release|Any CPU = Release|Any CPU
	EndGlobalSection
	GlobalSection(ProjectConfigurationPlatforms) = postSolution
		{87E931FC-7F29-4E9F-8AF2-4FE1B462F479}.Debug|Any CPU.ActiveCfg = Debug|Any CPU
		{87E931FC-7F29-4E9F-8AF2-4FE1B462F479}.Debug|Any CPU.Build.0 = Debug|Any CPU
		{87E931FC-7F29-4E9F-8AF2-4FE1B462F479}.Release|Any CPU.ActiveCfg = Release|Any CPU
		{87E931FC-7F29-4E9F-8AF2-4FE1B462F479}.Release|Any CPU.Build.0 = Release|Any CPU
	EndGlobalSection
	GlobalSection(SolutionProperties) = preSolution
		HideSolutionNode = FALSE
	EndGlobalSection
	GlobalSection(ExtensibilityGlobals) = postSolution
		SolutionGuid = {EEF549A8-F4C6-499E-9E7E-3D4D3227D071}
	EndGlobalSection
EndGlobal
